
Microsoft Visual Studio Solution File, Format Version 12.00
# Visual Studio Version 16
VisualStudioVersion = 16.0.33529.622
MinimumVisualStudioVersion = 10.0.40219.1
Project("{FAE04EC0-301F-11D3-BF4B-00C04F79EFBC}") = "QLPK", "QLPK.csproj", "{10EE47F0-B37F-473A-9EFE-90C188CA6AA0}"
EndProject
Global
	GlobalSection(SolutionConfigurationPlatforms) = preSolution
		Debug|Any CPU = Debug|Any CPU
		Release|Any CPU = Release|Any CPU
	EndGlobalSection
	GlobalSection(ProjectConfigurationPlatforms) = postSolution
		{10EE47F0-B37F-473A-9EFE-90C188CA6AA0}.Debug|Any CPU.ActiveCfg = Debug|Any CPU
		{10EE47F0-B37F-473A-9EFE-90C188CA6AA0}.Debug|Any CPU.Build.0 = Debug|Any CPU
		{10EE47F0-B37F-473A-9EFE-90C188CA6AA0}.Release|Any CPU.ActiveCfg = Release|Any CPU
		{10EE47F0-B37F-473A-9EFE-90C188CA6AA0}.Release|Any CPU.Build.0 = Release|Any CPU
	EndGlobalSection
	GlobalSection(SolutionProperties) = preSolution
		HideSolutionNode = FALSE
	EndGlobalSection
	GlobalSection(ExtensibilityGlobals) = postSolution
		SolutionGuid = {BAB07377-9757-4D84-BA74-B7781C7DE222}
	EndGlobalSection
EndGlobal
